
Microsoft Visual Studio Solution File, Format Version 12.00
# Visual Studio 2013
VisualStudioVersion = 12.0.31101.0
MinimumVisualStudioVersion = 10.0.40219.1
Project("{2150E333-8FDC-42A3-9474-1A3956D46DE8}") = "src", "src", "{5AD6AD75-281F-46CA-9FF2-17E4E8E6B810}"
EndProject
Project("{2150E333-8FDC-42A3-9474-1A3956D46DE8}") = "test", "test", "{FE29CB3A-DC46-486A-B88F-16C4314185BB}"
EndProject
Project("{FAE04EC0-301F-11D3-BF4B-00C04F79EFBC}") = "River.Framework", "River.Framework\River.Framework.csproj", "{04842602-5342-4DB2-893C-47E443FCAEB4}"
EndProject
Project("{FAE04EC0-301F-11D3-BF4B-00C04F79EFBC}") = "River.Framework.Test", "River.Framework.Test\River.Framework.Test.csproj", "{F710C742-A6E8-4518-B699-8D8760BF6DFA}"
EndProject
Global
	GlobalSection(SolutionConfigurationPlatforms) = preSolution
		Debug|Any CPU = Debug|Any CPU
		Release|Any CPU = Release|Any CPU
	EndGlobalSection
	GlobalSection(ProjectConfigurationPlatforms) = postSolution
		{04842602-5342-4DB2-893C-47E443FCAEB4}.Debug|Any CPU.ActiveCfg = Debug|Any CPU
		{04842602-5342-4DB2-893C-47E443FCAEB4}.Debug|Any CPU.Build.0 = Debug|Any CPU
		{04842602-5342-4DB2-893C-47E443FCAEB4}.Release|Any CPU.ActiveCfg = Release|Any CPU
		{04842602-5342-4DB2-893C-47E443FCAEB4}.Release|Any CPU.Build.0 = Release|Any CPU
		{F710C742-A6E8-4518-B699-8D8760BF6DFA}.Debug|Any CPU.ActiveCfg = Debug|Any CPU
		{F710C742-A6E8-4518-B699-8D8760BF6DFA}.Debug|Any CPU.Build.0 = Debug|Any CPU
		{F710C742-A6E8-4518-B699-8D8760BF6DFA}.Release|Any CPU.ActiveCfg = Release|Any CPU
		{F710C742-A6E8-4518-B699-8D8760BF6DFA}.Release|Any CPU.Build.0 = Release|Any CPU
	EndGlobalSection
	GlobalSection(SolutionProperties) = preSolution
		HideSolutionNode = FALSE
	EndGlobalSection
	GlobalSection(NestedProjects) = preSolution
		{04842602-5342-4DB2-893C-47E443FCAEB4} = {5AD6AD75-281F-46CA-9FF2-17E4E8E6B810}
		{F710C742-A6E8-4518-B699-8D8760BF6DFA} = {FE29CB3A-DC46-486A-B88F-16C4314185BB}
	EndGlobalSection
EndGlobal
